github.com/collings22/knowledge-oppo/question v0.0.0-20220103203832-5a293afd75e5 h1:EEr3O1rbGYazHcVJgwr6TSDwzar2ZeMsBBNgYvy5o6s=
github.com/collings22/knowledge-oppo/question v0.0.0-20220103203832-5a293afd75e5/go.mod h1:DA/lgRou4dCl/sG730opoc4nMHqO7y2axBDrl0ozPtU=
github.com/gorilla/mux v1.8.0 h1:i40aqfkR1h2SlN9hojwV5ZA91wcXFOvkdNIeFDP5koI=
github.com/gorilla/mux v1.8.0/go.mod h1:DVbg23sWSpFRCP0SfiEN6jmj59UnW/n46BH5rLB71So=
